
Microsoft Visual Studio Solution File, Format Version 12.00
# Visual Studio 15
VisualStudioVersion = 15.0.26228.28
MinimumVisualStudioVersion = 10.0.40219.1
Project("{FAE04EC0-301F-11D3-BF4B-00C04F79EFBC}") = "Navigation", "Navigation\Navigation.csproj", "{4B812B09-0E6D-4D07-8CD5-B8E5D2058BBC}"
EndProject
Global
	GlobalSection(SolutionConfigurationPlatforms) = preSolution
		Debug|ARM = Debug|ARM
		Debug|x64 = Debug|x64
		Debug|x86 = Debug|x86
		Release|ARM = Release|ARM
		Release|x64 = Release|x64
		Release|x86 = Release|x86
	EndGlobalSection
	GlobalSection(ProjectConfigurationPlatforms) = postSolution
		{4B812B09-0E6D-4D07-8CD5-B8E5D2058BBC}.Debug|ARM.ActiveCfg = Debug|ARM
		{4B812B09-0E6D-4D07-8CD5-B8E5D2058BBC}.Debug|ARM.Build.0 = Debug|ARM
		{4B812B09-0E6D-4D07-8CD5-B8E5D2058BBC}.Debug|ARM.Deploy.0 = Debug|ARM
		{4B812B09-0E6D-4D07-8CD5-B8E5D2058BBC}.Debug|x64.ActiveCfg = Debug|x64
		{4B812B09-0E6D-4D07-8CD5-B8E5D2058BBC}.Debug|x64.Build.0 = Debug|x64
		{4B812B09-0E6D-4D07-8CD5-B8E5D2058BBC}.Debug|x64.Deploy.0 = Debug|x64
		{4B812B09-0E6D-4D07-8CD5-B8E5D2058BBC}.Debug|x86.ActiveCfg = Debug|x86
		{4B812B09-0E6D-4D07-8CD5-B8E5D2058BBC}.Debug|x86.Build.0 = Debug|x86
		{4B812B09-0E6D-4D07-8CD5-B8E5D2058BBC}.Debug|x86.Deploy.0 = Debug|x86
		{4B812B09-0E6D-4D07-8CD5-B8E5D2058BBC}.Release|ARM.ActiveCfg = Release|ARM
		{4B812B09-0E6D-4D07-8CD5-B8E5D2058BBC}.Release|ARM.Build.0 = Release|ARM
		{4B812B09-0E6D-4D07-8CD5-B8E5D2058BBC}.Release|ARM.Deploy.0 = Release|ARM
		{4B812B09-0E6D-4D07-8CD5-B8E5D2058BBC}.Release|x64.ActiveCfg = Release|x64
		{4B812B09-0E6D-4D07-8CD5-B8E5D2058BBC}.Release|x64.Build.0 = Release|x64
		{4B812B09-0E6D-4D07-8CD5-B8E5D2058BBC}.Release|x64.Deploy.0 = Release|x64
		{4B812B09-0E6D-4D07-8CD5-B8E5D2058BBC}.Release|x86.ActiveCfg = Release|x86
		{4B812B09-0E6D-4D07-8CD5-B8E5D2058BBC}.Release|x86.Build.0 = Release|x86
		{4B812B09-0E6D-4D07-8CD5-B8E5D2058BBC}.Release|x86.Deploy.0 = Release|x86
	EndGlobalSection
	GlobalSection(SolutionProperties) = preSolution
		HideSolutionNode = FALSE
	EndGlobalSection
EndGlobal
